
Microsoft Visual Studio Solution File, Format Version 12.00
# Visual Studio Version 17
VisualStudioVersion = 17.12.35527.113 d17.12
MinimumVisualStudioVersion = 10.0.40219.1
Project("{FAE04EC0-301F-11D3-BF4B-00C04F79EFBC}") = "Linq with SQL", "Linq with SQL\Linq with SQL.csproj", "{85B4DC6F-7CC3-4E41-B3B9-A0FD764977CE}"
EndProject
Global
	GlobalSection(SolutionConfigurationPlatforms) = preSolution
		Debug|Any CPU = Debug|Any CPU
		Release|Any CPU = Release|Any CPU
	EndGlobalSection
	GlobalSection(ProjectConfigurationPlatforms) = postSolution
		{85B4DC6F-7CC3-4E41-B3B9-A0FD764977CE}.Debug|Any CPU.ActiveCfg = Debug|Any CPU
		{85B4DC6F-7CC3-4E41-B3B9-A0FD764977CE}.Debug|Any CPU.Build.0 = Debug|Any CPU
		{85B4DC6F-7CC3-4E41-B3B9-A0FD764977CE}.Release|Any CPU.ActiveCfg = Release|Any CPU
		{85B4DC6F-7CC3-4E41-B3B9-A0FD764977CE}.Release|Any CPU.Build.0 = Release|Any CPU
	EndGlobalSection
	GlobalSection(SolutionProperties) = preSolution
		HideSolutionNode = FALSE
	EndGlobalSection
EndGlobal
