
Microsoft Visual Studio Solution File, Format Version 12.00
# Visual Studio Version 17
VisualStudioVersion = 17.12.35527.113 d17.12
MinimumVisualStudioVersion = 10.0.40219.1
Project("{FAE04EC0-301F-11D3-BF4B-00C04F79EFBC}") = "Old Style", "Old Style\Old Style.csproj", "{2BFA3AF7-E296-4F02-8E06-94E2A8EA940A}"
EndProject
Global
	GlobalSection(SolutionConfigurationPlatforms) = preSolution
		Debug|Any CPU = Debug|Any CPU
		Release|Any CPU = Release|Any CPU
	EndGlobalSection
	GlobalSection(ProjectConfigurationPlatforms) = postSolution
		{2BFA3AF7-E296-4F02-8E06-94E2A8EA940A}.Debug|Any CPU.ActiveCfg = Debug|Any CPU
		{2BFA3AF7-E296-4F02-8E06-94E2A8EA940A}.Debug|Any CPU.Build.0 = Debug|Any CPU
		{2BFA3AF7-E296-4F02-8E06-94E2A8EA940A}.Release|Any CPU.ActiveCfg = Release|Any CPU
		{2BFA3AF7-E296-4F02-8E06-94E2A8EA940A}.Release|Any CPU.Build.0 = Release|Any CPU
	EndGlobalSection
	GlobalSection(SolutionProperties) = preSolution
		HideSolutionNode = FALSE
	EndGlobalSection
EndGlobal
